
Microsoft Visual Studio Solution File, Format Version 12.00
# Visual Studio Version 17
VisualStudioVersion = 17.14.36025.13
MinimumVisualStudioVersion = 10.0.40219.1
Project("{FAE04EC0-301F-11D3-BF4B-00C04F79EFBC}") = "CandleBurner", "CandleBurner.csproj", "{A9573673-01AC-108A-9449-0887A65C4364}"
EndProject
Global
	GlobalSection(SolutionConfigurationPlatforms) = preSolution
		Debug|Any CPU = Debug|Any CPU
		Release|Any CPU = Release|Any CPU
	EndGlobalSection
	GlobalSection(ProjectConfigurationPlatforms) = postSolution
		{A9573673-01AC-108A-9449-0887A65C4364}.Debug|Any CPU.ActiveCfg = Debug|Any CPU
		{A9573673-01AC-108A-9449-0887A65C4364}.Debug|Any CPU.Build.0 = Debug|Any CPU
		{A9573673-01AC-108A-9449-0887A65C4364}.Release|Any CPU.ActiveCfg = Release|Any CPU
		{A9573673-01AC-108A-9449-0887A65C4364}.Release|Any CPU.Build.0 = Release|Any CPU
	EndGlobalSection
	GlobalSection(SolutionProperties) = preSolution
		HideSolutionNode = FALSE
	EndGlobalSection
	GlobalSection(ExtensibilityGlobals) = postSolution
		SolutionGuid = {1FE2AB34-90F3-4CCF-980F-AA0044BA17D2}
	EndGlobalSection
EndGlobal
